
Microsoft Visual Studio Solution File, Format Version 12.00
# Visual Studio Version 17
VisualStudioVersion = 17.1.32228.430
MinimumVisualStudioVersion = 10.0.40219.1
Project("{FAE04EC0-301F-11D3-BF4B-00C04F79EFBC}") = "Bai1", "Bai1\Bai1.csproj", "{CD590405-56C0-4AAE-B8AD-EA8F13DB4E08}"
EndProject
Global
	GlobalSection(SolutionConfigurationPlatforms) = preSolution
		Debug|Any CPU = Debug|Any CPU
		Release|Any CPU = Release|Any CPU
	EndGlobalSection
	GlobalSection(ProjectConfigurationPlatforms) = postSolution
		{CD590405-56C0-4AAE-B8AD-EA8F13DB4E08}.Debug|Any CPU.ActiveCfg = Debug|Any CPU
		{CD590405-56C0-4AAE-B8AD-EA8F13DB4E08}.Debug|Any CPU.Build.0 = Debug|Any CPU
		{CD590405-56C0-4AAE-B8AD-EA8F13DB4E08}.Release|Any CPU.ActiveCfg = Release|Any CPU
		{CD590405-56C0-4AAE-B8AD-EA8F13DB4E08}.Release|Any CPU.Build.0 = Release|Any CPU
	EndGlobalSection
	GlobalSection(SolutionProperties) = preSolution
		HideSolutionNode = FALSE
	EndGlobalSection
	GlobalSection(ExtensibilityGlobals) = postSolution
		SolutionGuid = {F277538D-6D7E-43E8-8FD2-01ADFB36BB0E}
	EndGlobalSection
EndGlobal
