
Microsoft Visual Studio Solution File, Format Version 12.00
# Visual Studio Version 17
VisualStudioVersion = 17.1.32328.378
MinimumVisualStudioVersion = 10.0.40219.1
Project("{FAE04EC0-301F-11D3-BF4B-00C04F79EFBC}") = "DTO", "DTO\DTO.csproj", "{50C870DC-7ED0-4CD7-B916-9820F2072D4E}"
EndProject
Project("{FAE04EC0-301F-11D3-BF4B-00C04F79EFBC}") = "DAL", "DLO\DAL.csproj", "{2A963B7E-393F-4D3A-ADAF-80632BC9658A}"
EndProject
Project("{FAE04EC0-301F-11D3-BF4B-00C04F79EFBC}") = "BUS", "BUS\BUS.csproj", "{077A539A-8E53-4831-8CEC-042E21D81887}"
EndProject
Project("{FAE04EC0-301F-11D3-BF4B-00C04F79EFBC}") = "GUI", "GUI\GUI.csproj", "{C014B807-9F21-47C7-B31C-5AAE6CE9F7E3}"
EndProject
Global
	GlobalSection(SolutionConfigurationPlatforms) = preSolution
		Debug|Any CPU = Debug|Any CPU
		Release|Any CPU = Release|Any CPU
	EndGlobalSection
	GlobalSection(ProjectConfigurationPlatforms) = postSolution
		{50C870DC-7ED0-4CD7-B916-9820F2072D4E}.Debug|Any CPU.ActiveCfg = Debug|Any CPU
		{50C870DC-7ED0-4CD7-B916-9820F2072D4E}.Debug|Any CPU.Build.0 = Debug|Any CPU
		{50C870DC-7ED0-4CD7-B916-9820F2072D4E}.Release|Any CPU.ActiveCfg = Release|Any CPU
		{50C870DC-7ED0-4CD7-B916-9820F2072D4E}.Release|Any CPU.Build.0 = Release|Any CPU
		{2A963B7E-393F-4D3A-ADAF-80632BC9658A}.Debug|Any CPU.ActiveCfg = Debug|Any CPU
		{2A963B7E-393F-4D3A-ADAF-80632BC9658A}.Debug|Any CPU.Build.0 = Debug|Any CPU
		{2A963B7E-393F-4D3A-ADAF-80632BC9658A}.Release|Any CPU.ActiveCfg = Release|Any CPU
		{2A963B7E-393F-4D3A-ADAF-80632BC9658A}.Release|Any CPU.Build.0 = Release|Any CPU
		{077A539A-8E53-4831-8CEC-042E21D81887}.Debug|Any CPU.ActiveCfg = Debug|Any CPU
		{077A539A-8E53-4831-8CEC-042E21D81887}.Debug|Any CPU.Build.0 = Debug|Any CPU
		{077A539A-8E53-4831-8CEC-042E21D81887}.Release|Any CPU.ActiveCfg = Release|Any CPU
		{077A539A-8E53-4831-8CEC-042E21D81887}.Release|Any CPU.Build.0 = Release|Any CPU
		{C014B807-9F21-47C7-B31C-5AAE6CE9F7E3}.Debug|Any CPU.ActiveCfg = Debug|Any CPU
		{C014B807-9F21-47C7-B31C-5AAE6CE9F7E3}.Debug|Any CPU.Build.0 = Debug|Any CPU
		{C014B807-9F21-47C7-B31C-5AAE6CE9F7E3}.Release|Any CPU.ActiveCfg = Release|Any CPU
		{C014B807-9F21-47C7-B31C-5AAE6CE9F7E3}.Release|Any CPU.Build.0 = Release|Any CPU
	EndGlobalSection
	GlobalSection(SolutionProperties) = preSolution
		HideSolutionNode = FALSE
	EndGlobalSection
	GlobalSection(ExtensibilityGlobals) = postSolution
		SolutionGuid = {6C0F72CB-E3E2-40D9-83B3-521B22861B6E}
	EndGlobalSection
EndGlobal
